// !$*UTF8*$!
{
	archiveVersion = 1;
	classes = {
	};
	objectVersion = 52;
	objects = {

/* Begin PBXBuildFile section */
		A02EDA4B29CB5D180084BEBA /* ErrorManager.swift in Sources */ = {isa = PBXBuildFile; fileRef = A02EDA4A29CB5D180084BEBA /* ErrorManager.swift */; };
		A0569DE829DE85C500D25991 /* CalendarTaskViewController.swift in Sources */ = {isa = PBXBuildFile; fileRef = A0569DE729DE85C500D25991 /* CalendarTaskViewController.swift */; };
		A0569DF829DEAB9600D25991 /* Pods_Industry.framework in Frameworks */ = {isa = PBXBuildFile; fileRef = D744E5C0DB64F0E2CA68335B /* Pods_Industry.framework */; };
		A070410A29CE014F00BD2839 /* JSONDecoables.swift in Sources */ = {isa = PBXBuildFile; fileRef = A070410929CE014F00BD2839 /* JSONDecoables.swift */; };
		A07D45D229C763CD00420463 /* UserCountTaskTblViewCell.swift in Sources */ = {isa = PBXBuildFile; fileRef = A07D45D129C763CD00420463 /* UserCountTaskTblViewCell.swift */; };
		A07D45DA29C78DEE00420463 /* IssuesModel.swift in Sources */ = {isa = PBXBuildFile; fileRef = A07D45D929C78DEE00420463 /* IssuesModel.swift */; };
		A07D45DE29C78DFF00420463 /* ProjectModel.swift in Sources */ = {isa = PBXBuildFile; fileRef = A07D45DD29C78DFF00420463 /* ProjectModel.swift */; };
		A07D45E129C78E0F00420463 /* LaborCostModel.swift in Sources */ = {isa = PBXBuildFile; fileRef = A07D45E029C78E0F00420463 /* LaborCostModel.swift */; };
		A07D45E429C78E1C00420463 /* EmployeeModel.swift in Sources */ = {isa = PBXBuildFile; fileRef = A07D45E329C78E1C00420463 /* EmployeeModel.swift */; };
		A07D45E829C78E3200420463 /* DivisionModel.swift in Sources */ = {isa = PBXBuildFile; fileRef = A07D45E729C78E3200420463 /* DivisionModel.swift */; };
		A07D45EC29C78F9000420463 /* APIClient .swift in Sources */ = {isa = PBXBuildFile; fileRef = A07D45EB29C78F9000420463 /* APIClient .swift */; };
		A0AF115B29E06D5700FBA975 /* NotificationCollRow.swift in Sources */ = {isa = PBXBuildFile; fileRef = A0AF115A29E06D5700FBA975 /* NotificationCollRow.swift */; };
		A0CF9F7F29CDF65200FE6A72 /* FinalUrll.swift in Sources */ = {isa = PBXBuildFile; fileRef = A0CF9F7E29CDF65200FE6A72 /* FinalUrll.swift */; };
		A0CF9F8229CDF69800FE6A72 /* ForecastType.swift in Sources */ = {isa = PBXBuildFile; fileRef = A0CF9F8129CDF69800FE6A72 /* ForecastType.swift */; };
		A0CF9F8529CDF6C300FE6A72 /* HttpMetods.swift in Sources */ = {isa = PBXBuildFile; fileRef = A0CF9F8429CDF6C300FE6A72 /* HttpMetods.swift */; };
		A0E4AA2E29A8E25600BDB4EF /* AppDelegate.swift in Sources */ = {isa = PBXBuildFile; fileRef = A0E4AA2D29A8E25600BDB4EF /* AppDelegate.swift */; };
		A0E4AA3229A8E25600BDB4EF /* SplachViewController.swift in Sources */ = {isa = PBXBuildFile; fileRef = A0E4AA3129A8E25600BDB4EF /* SplachViewController.swift */; };
		A0E4AA3729A8E25700BDB4EF /* Assets.xcassets in Resources */ = {isa = PBXBuildFile; fileRef = A0E4AA3629A8E25700BDB4EF /* Assets.xcassets */; };
		A0E4AA4829A8E46F00BDB4EF /* EnterMenuViewController.swift in Sources */ = {isa = PBXBuildFile; fileRef = A0E4AA4729A8E46F00BDB4EF /* EnterMenuViewController.swift */; };
		A0F8A7BD29CC78DB00C81D80 /* APIManager.swift in Sources */ = {isa = PBXBuildFile; fileRef = A0F8A7BC29CC78DB00C81D80 /* APIManager.swift */; };
		A528206629F3EF19002FA269 /* RecovoryPasswordViewController.swift in Sources */ = {isa = PBXBuildFile; fileRef = A528206529F3EF19002FA269 /* RecovoryPasswordViewController.swift */; };
		A528206929F3F244002FA269 /* RecovoryPasswordCollViewCell.swift in Sources */ = {isa = PBXBuildFile; fileRef = A528206829F3F244002FA269 /* RecovoryPasswordCollViewCell.swift */; };
		A529736F2A1AE0EC00B4189F /* NewTaskViewController.swift in Sources */ = {isa = PBXBuildFile; fileRef = A529736E2A1AE0E600B4189F /* NewTaskViewController.swift */; };
		A529737E2A1BA33B00B4189F /* NameTaskTblViewCell.swift in Sources */ = {isa = PBXBuildFile; fileRef = A529737D2A1BA33B00B4189F /* NameTaskTblViewCell.swift */; };
		A52973842A1CD87F00B4189F /* AddInfoTaskTblViewCell.swift in Sources */ = {isa = PBXBuildFile; fileRef = A52973832A1CD87F00B4189F /* AddInfoTaskTblViewCell.swift */; };
		A52D517729F95E20005DB97D /* Duration.swift in Sources */ = {isa = PBXBuildFile; fileRef = A52D517629F95E1F005DB97D /* Duration.swift */; };
		A52F87972A1125FC00CE2E4E /* IndustryTests.swift in Sources */ = {isa = PBXBuildFile; fileRef = A52F87962A1125FC00CE2E4E /* IndustryTests.swift */; };
		A52F87A12A11264200CE2E4E /* JSONModelTests.swift in Sources */ = {isa = PBXBuildFile; fileRef = A52F87A02A11264200CE2E4E /* JSONModelTests.swift */; };
		A52F87AD2A12A6DC00CE2E4E /* IndustryUITests.swift in Sources */ = {isa = PBXBuildFile; fileRef = A52F87AC2A12A6DC00CE2E4E /* IndustryUITests.swift */; };
		A52F87BE2A12A83D00CE2E4E /* Pods_Industry.framework in Frameworks */ = {isa = PBXBuildFile; fileRef = A52F87BD2A12A83D00CE2E4E /* Pods_Industry.framework */; platformFilter = ios; };
		A5313FF62A1D295C009C557B /* PresentationController.swift in Sources */ = {isa = PBXBuildFile; fileRef = A5313FF52A1D295C009C557B /* PresentationController.swift */; };
		A578851B29F67E0D00D26455 /* HeadMenuTblViewCell.swift in Sources */ = {isa = PBXBuildFile; fileRef = A578851A29F67E0D00D26455 /* HeadMenuTblViewCell.swift */; };
		A578852329F6887700D26455 /* MenuItemTblViewCell.swift in Sources */ = {isa = PBXBuildFile; fileRef = A578852229F6887700D26455 /* MenuItemTblViewCell.swift */; };
		A578852629F6B7DE00D26455 /* StatisticUserViewController.swift in Sources */ = {isa = PBXBuildFile; fileRef = A578852529F6B7DE00D26455 /* StatisticUserViewController.swift */; };
		A578852929F6B82E00D26455 /* DocumentFlowViewController.swift in Sources */ = {isa = PBXBuildFile; fileRef = A578852829F6B82E00D26455 /* DocumentFlowViewController.swift */; };
		A578852C29F6B9C400D26455 /* SettingUserViewController.swift in Sources */ = {isa = PBXBuildFile; fileRef = A578852B29F6B9C400D26455 /* SettingUserViewController.swift */; };
		A5831B2729BBC91700A3A8F8 /* AuthenticationTableRow.swift in Sources */ = {isa = PBXBuildFile; fileRef = A5831B2629BBC91700A3A8F8 /* AuthenticationTableRow.swift */; };
		A5833D1E29C08D4400387240 /* AuthenticationTblViewCell.swift in Sources */ = {isa = PBXBuildFile; fileRef = A5833D1D29C08D4400387240 /* AuthenticationTblViewCell.swift */; };
		A5833D2129C0990200387240 /* ProfileUserViewController.swift in Sources */ = {isa = PBXBuildFile; fileRef = A5833D2029C0990200387240 /* ProfileUserViewController.swift */; };
		A585FF1929BA178C00A0F0AF /* NotificationListViewController.swift in Sources */ = {isa = PBXBuildFile; fileRef = A585FF1829BA178C00A0F0AF /* NotificationListViewController.swift */; };
		A585FF1C29BA1A3600A0F0AF /* NotificationUserViewCell.swift in Sources */ = {isa = PBXBuildFile; fileRef = A585FF1B29BA1A3600A0F0AF /* NotificationUserViewCell.swift */; };
		A5916AB229BC9D8900285D79 /* TabBarController.swift in Sources */ = {isa = PBXBuildFile; fileRef = A5916AB129BC9D8900285D79 /* TabBarController.swift */; };
		A5AC14FD2A07C540008FB74C /* SetingUserTblViewCell.swift in Sources */ = {isa = PBXBuildFile; fileRef = A5AC14FC2A07C540008FB74C /* SetingUserTblViewCell.swift */; };
		A5AC15092A0BB50A008FB74C /* PrivacyPolicyViewController.swift in Sources */ = {isa = PBXBuildFile; fileRef = A5AC15082A0BB50A008FB74C /* PrivacyPolicyViewController.swift */; };
		A5AC15122A0FDE2B008FB74C /* ListCaledarTblViewCell.swift in Sources */ = {isa = PBXBuildFile; fileRef = A5AC15112A0FDE2A008FB74C /* ListCaledarTblViewCell.swift */; };
		A5E0AF1D29B8F41E003B47D2 /* LocalizeController.swift in Sources */ = {isa = PBXBuildFile; fileRef = A5E0AF1C29B8F41E003B47D2 /* LocalizeController.swift */; };
		A5E0AF4E29B8FEE6003B47D2 /* Localizable.strings in Resources */ = {isa = PBXBuildFile; fileRef = A5E0AF5029B8FEE6003B47D2 /* Localizable.strings */; };
/* End PBXBuildFile section */

/* Begin PBXContainerItemProxy section */
		A52F87992A1125FC00CE2E4E /* PBXContainerItemProxy */ = {
			isa = PBXContainerItemProxy;
			containerPortal = A0E4AA2229A8E25600BDB4EF /* Project object */;
			proxyType = 1;
			remoteGlobalIDString = A0E4AA2929A8E25600BDB4EF;
			remoteInfo = Industry;
		};
		A52F87AF2A12A6DC00CE2E4E /* PBXContainerItemProxy */ = {
			isa = PBXContainerItemProxy;
			containerPortal = A0E4AA2229A8E25600BDB4EF /* Project object */;
			proxyType = 1;
			remoteGlobalIDString = A0E4AA2929A8E25600BDB4EF;
			remoteInfo = Industry;
		};
/* End PBXContainerItemProxy section */

/* Begin PBXFileReference section */
		2F6553E98AFD03F8A774538D /* Pods-Industry.release.xcconfig */ = {isa = PBXFileReference; includeInIndex = 1; lastKnownFileType = text.xcconfig; name = "Pods-Industry.release.xcconfig"; path = "Target Support Files/Pods-Industry/Pods-Industry.release.xcconfig"; sourceTree = "<group>"; };
		6796CD28BA100E9D4938C138 /* Pods-Industry.debug.xcconfig */ = {isa = PBXFileReference; includeInIndex = 1; lastKnownFileType = text.xcconfig; name = "Pods-Industry.debug.xcconfig"; path = "Target Support Files/Pods-Industry/Pods-Industry.debug.xcconfig"; sourceTree = "<group>"; };
		A02EDA4A29CB5D180084BEBA /* ErrorManager.swift */ = {isa = PBXFileReference; lastKnownFileType = sourcecode.swift; path = ErrorManager.swift; sourceTree = "<group>"; };
		A0569DE729DE85C500D25991 /* CalendarTaskViewController.swift */ = {isa = PBXFileReference; lastKnownFileType = sourcecode.swift; path = CalendarTaskViewController.swift; sourceTree = "<group>"; };
		A0569E0129DEC6F500D25991 /* ru */ = {isa = PBXFileReference; lastKnownFileType = text.plist.strings; name = ru; path = ru.lproj/Localizable.strings; sourceTree = "<group>"; };
		A070410929CE014F00BD2839 /* JSONDecoables.swift */ = {isa = PBXFileReference; lastKnownFileType = sourcecode.swift; path = JSONDecoables.swift; sourceTree = "<group>"; };
		A07D45D129C763CD00420463 /* UserCountTaskTblViewCell.swift */ = {isa = PBXFileReference; lastKnownFileType = sourcecode.swift; path = UserCountTaskTblViewCell.swift; sourceTree = "<group>"; };
		A07D45D929C78DEE00420463 /* IssuesModel.swift */ = {isa = PBXFileReference; lastKnownFileType = sourcecode.swift; path = IssuesModel.swift; sourceTree = "<group>"; };
		A07D45DD29C78DFF00420463 /* ProjectModel.swift */ = {isa = PBXFileReference; lastKnownFileType = sourcecode.swift; path = ProjectModel.swift; sourceTree = "<group>"; };
		A07D45E029C78E0F00420463 /* LaborCostModel.swift */ = {isa = PBXFileReference; lastKnownFileType = sourcecode.swift; path = LaborCostModel.swift; sourceTree = "<group>"; };
		A07D45E329C78E1C00420463 /* EmployeeModel.swift */ = {isa = PBXFileReference; lastKnownFileType = sourcecode.swift; path = EmployeeModel.swift; sourceTree = "<group>"; };
		A07D45E729C78E3200420463 /* DivisionModel.swift */ = {isa = PBXFileReference; lastKnownFileType = sourcecode.swift; path = DivisionModel.swift; sourceTree = "<group>"; };
		A07D45EB29C78F9000420463 /* APIClient .swift */ = {isa = PBXFileReference; lastKnownFileType = sourcecode.swift; path = "APIClient .swift"; sourceTree = "<group>"; };
		A0AF115A29E06D5700FBA975 /* NotificationCollRow.swift */ = {isa = PBXFileReference; lastKnownFileType = sourcecode.swift; path = NotificationCollRow.swift; sourceTree = "<group>"; };
		A0CF9F7E29CDF65200FE6A72 /* FinalUrll.swift */ = {isa = PBXFileReference; lastKnownFileType = sourcecode.swift; path = FinalUrll.swift; sourceTree = "<group>"; };
		A0CF9F8129CDF69800FE6A72 /* ForecastType.swift */ = {isa = PBXFileReference; lastKnownFileType = sourcecode.swift; path = ForecastType.swift; sourceTree = "<group>"; };
		A0CF9F8429CDF6C300FE6A72 /* HttpMetods.swift */ = {isa = PBXFileReference; lastKnownFileType = sourcecode.swift; path = HttpMetods.swift; sourceTree = "<group>"; };
		A0E4AA2A29A8E25600BDB4EF /* Industry.app */ = {isa = PBXFileReference; explicitFileType = wrapper.application; includeInIndex = 0; path = Industry.app; sourceTree = BUILT_PRODUCTS_DIR; };
		A0E4AA2D29A8E25600BDB4EF /* AppDelegate.swift */ = {isa = PBXFileReference; lastKnownFileType = sourcecode.swift; path = AppDelegate.swift; sourceTree = "<group>"; };
		A0E4AA3129A8E25600BDB4EF /* SplachViewController.swift */ = {isa = PBXFileReference; lastKnownFileType = sourcecode.swift; path = SplachViewController.swift; sourceTree = "<group>"; };
		A0E4AA3629A8E25700BDB4EF /* Assets.xcassets */ = {isa = PBXFileReference; lastKnownFileType = folder.assetcatalog; path = Assets.xcassets; sourceTree = "<group>"; };
		A0E4AA3B29A8E25700BDB4EF /* Info.plist */ = {isa = PBXFileReference; lastKnownFileType = text.plist.xml; path = Info.plist; sourceTree = "<group>"; };
		A0E4AA4729A8E46F00BDB4EF /* EnterMenuViewController.swift */ = {isa = PBXFileReference; lastKnownFileType = sourcecode.swift; path = EnterMenuViewController.swift; sourceTree = "<group>"; };
		A0F8A7BC29CC78DB00C81D80 /* APIManager.swift */ = {isa = PBXFileReference; lastKnownFileType = sourcecode.swift; path = APIManager.swift; sourceTree = "<group>"; };
		A528206529F3EF19002FA269 /* RecovoryPasswordViewController.swift */ = {isa = PBXFileReference; lastKnownFileType = sourcecode.swift; path = RecovoryPasswordViewController.swift; sourceTree = "<group>"; };
		A528206829F3F244002FA269 /* RecovoryPasswordCollViewCell.swift */ = {isa = PBXFileReference; lastKnownFileType = sourcecode.swift; path = RecovoryPasswordCollViewCell.swift; sourceTree = "<group>"; };
		A529736E2A1AE0E600B4189F /* NewTaskViewController.swift */ = {isa = PBXFileReference; lastKnownFileType = sourcecode.swift; path = NewTaskViewController.swift; sourceTree = "<group>"; };
		A529737D2A1BA33B00B4189F /* NameTaskTblViewCell.swift */ = {isa = PBXFileReference; lastKnownFileType = sourcecode.swift; path = NameTaskTblViewCell.swift; sourceTree = "<group>"; };
		A52973832A1CD87F00B4189F /* AddInfoTaskTblViewCell.swift */ = {isa = PBXFileReference; lastKnownFileType = sourcecode.swift; path = AddInfoTaskTblViewCell.swift; sourceTree = "<group>"; };
		A52D517629F95E1F005DB97D /* Duration.swift */ = {isa = PBXFileReference; lastKnownFileType = sourcecode.swift; path = Duration.swift; sourceTree = "<group>"; };
		A52F87942A1125FC00CE2E4E /* IndustryTests.xctest */ = {isa = PBXFileReference; explicitFileType = wrapper.cfbundle; includeInIndex = 0; path = IndustryTests.xctest; sourceTree = BUILT_PRODUCTS_DIR; };
		A52F87962A1125FC00CE2E4E /* IndustryTests.swift */ = {isa = PBXFileReference; lastKnownFileType = sourcecode.swift; path = IndustryTests.swift; sourceTree = "<group>"; };
		A52F87982A1125FC00CE2E4E /* Info.plist */ = {isa = PBXFileReference; lastKnownFileType = text.plist.xml; path = Info.plist; sourceTree = "<group>"; };
		A52F87A02A11264200CE2E4E /* JSONModelTests.swift */ = {isa = PBXFileReference; lastKnownFileType = sourcecode.swift; path = JSONModelTests.swift; sourceTree = "<group>"; };
		A52F87AA2A12A6DC00CE2E4E /* IndustryUITests.xctest */ = {isa = PBXFileReference; explicitFileType = wrapper.cfbundle; includeInIndex = 0; path = IndustryUITests.xctest; sourceTree = BUILT_PRODUCTS_DIR; };
		A52F87AC2A12A6DC00CE2E4E /* IndustryUITests.swift */ = {isa = PBXFileReference; lastKnownFileType = sourcecode.swift; path = IndustryUITests.swift; sourceTree = "<group>"; };
		A52F87AE2A12A6DC00CE2E4E /* Info.plist */ = {isa = PBXFileReference; lastKnownFileType = text.plist.xml; path = Info.plist; sourceTree = "<group>"; };
		A52F87B72A12A82D00CE2E4E /* Algorithms.framework */ = {isa = PBXFileReference; explicitFileType = wrapper.framework; path = Algorithms.framework; sourceTree = BUILT_PRODUCTS_DIR; };
		A52F87B92A12A83300CE2E4E /* Charts.framework */ = {isa = PBXFileReference; explicitFileType = wrapper.framework; path = Charts.framework; sourceTree = BUILT_PRODUCTS_DIR; };
		A52F87BB2A12A83900CE2E4E /* FSCalendar.framework */ = {isa = PBXFileReference; explicitFileType = wrapper.framework; path = FSCalendar.framework; sourceTree = BUILT_PRODUCTS_DIR; };
		A52F87BD2A12A83D00CE2E4E /* Pods_Industry.framework */ = {isa = PBXFileReference; explicitFileType = wrapper.framework; path = Pods_Industry.framework; sourceTree = BUILT_PRODUCTS_DIR; };
		A52F87E42A12B08800CE2E4E /* View.swift */ = {isa = PBXFileReference; lastKnownFileType = sourcecode.swift; path = View.swift; sourceTree = "<group>"; };
		A5313FF52A1D295C009C557B /* PresentationController.swift */ = {isa = PBXFileReference; lastKnownFileType = sourcecode.swift; path = PresentationController.swift; sourceTree = "<group>"; };
		A578851A29F67E0D00D26455 /* HeadMenuTblViewCell.swift */ = {isa = PBXFileReference; lastKnownFileType = sourcecode.swift; path = HeadMenuTblViewCell.swift; sourceTree = "<group>"; };
		A578852229F6887700D26455 /* MenuItemTblViewCell.swift */ = {isa = PBXFileReference; lastKnownFileType = sourcecode.swift; path = MenuItemTblViewCell.swift; sourceTree = "<group>"; };
		A578852529F6B7DE00D26455 /* StatisticUserViewController.swift */ = {isa = PBXFileReference; lastKnownFileType = sourcecode.swift; path = StatisticUserViewController.swift; sourceTree = "<group>"; };
		A578852829F6B82E00D26455 /* DocumentFlowViewController.swift */ = {isa = PBXFileReference; lastKnownFileType = sourcecode.swift; path = DocumentFlowViewController.swift; sourceTree = "<group>"; };
		A578852B29F6B9C400D26455 /* SettingUserViewController.swift */ = {isa = PBXFileReference; lastKnownFileType = sourcecode.swift; path = SettingUserViewController.swift; sourceTree = "<group>"; };
		A5831B2629BBC91700A3A8F8 /* AuthenticationTableRow.swift */ = {isa = PBXFileReference; lastKnownFileType = sourcecode.swift; path = AuthenticationTableRow.swift; sourceTree = "<group>"; };
		A5833D1D29C08D4400387240 /* AuthenticationTblViewCell.swift */ = {isa = PBXFileReference; fileEncoding = 4; lastKnownFileType = sourcecode.swift; path = AuthenticationTblViewCell.swift; sourceTree = "<group>"; };
		A5833D2029C0990200387240 /* ProfileUserViewController.swift */ = {isa = PBXFileReference; lastKnownFileType = sourcecode.swift; path = ProfileUserViewController.swift; sourceTree = "<group>"; };
		A585FF1829BA178C00A0F0AF /* NotificationListViewController.swift */ = {isa = PBXFileReference; lastKnownFileType = sourcecode.swift; path = NotificationListViewController.swift; sourceTree = "<group>"; };
		A585FF1B29BA1A3600A0F0AF /* NotificationUserViewCell.swift */ = {isa = PBXFileReference; lastKnownFileType = sourcecode.swift; path = NotificationUserViewCell.swift; sourceTree = "<group>"; };
		A5916AB129BC9D8900285D79 /* TabBarController.swift */ = {isa = PBXFileReference; lastKnownFileType = sourcecode.swift; path = TabBarController.swift; sourceTree = "<group>"; };
		A5AC14FC2A07C540008FB74C /* SetingUserTblViewCell.swift */ = {isa = PBXFileReference; lastKnownFileType = sourcecode.swift; path = SetingUserTblViewCell.swift; sourceTree = "<group>"; };
		A5AC15082A0BB50A008FB74C /* PrivacyPolicyViewController.swift */ = {isa = PBXFileReference; lastKnownFileType = sourcecode.swift; path = PrivacyPolicyViewController.swift; sourceTree = "<group>"; };
		A5AC15112A0FDE2A008FB74C /* ListCaledarTblViewCell.swift */ = {isa = PBXFileReference; lastKnownFileType = sourcecode.swift; path = ListCaledarTblViewCell.swift; sourceTree = "<group>"; };
		A5E0AF1C29B8F41E003B47D2 /* LocalizeController.swift */ = {isa = PBXFileReference; lastKnownFileType = sourcecode.swift; path = LocalizeController.swift; sourceTree = "<group>"; };
		A5E0AF4F29B8FEE6003B47D2 /* en */ = {isa = PBXFileReference; lastKnownFileType = text.plist.strings; name = en; path = en.lproj/Localizable.strings; sourceTree = "<group>"; };
		D744E5C0DB64F0E2CA68335B /* Pods_Industry.framework */ = {isa = PBXFileReference; explicitFileType = wrapper.framework; includeInIndex = 0; path = Pods_Industry.framework; sourceTree = BUILT_PRODUCTS_DIR; };
/* End PBXFileReference section */

/* Begin PBXFrameworksBuildPhase section */
		A0E4AA2729A8E25600BDB4EF /* Frameworks */ = {
			isa = PBXFrameworksBuildPhase;
			buildActionMask = 2147483647;
			files = (
				A0569DF829DEAB9600D25991 /* Pods_Industry.framework in Frameworks */,
			);
			runOnlyForDeploymentPostprocessing = 0;
		};
		A52F87912A1125FC00CE2E4E /* Frameworks */ = {
			isa = PBXFrameworksBuildPhase;
			buildActionMask = 2147483647;
			files = (
			);
			runOnlyForDeploymentPostprocessing = 0;
		};
		A52F87A72A12A6DC00CE2E4E /* Frameworks */ = {
			isa = PBXFrameworksBuildPhase;
			buildActionMask = 2147483647;
			files = (
				A52F87BE2A12A83D00CE2E4E /* Pods_Industry.framework in Frameworks */,
			);
			runOnlyForDeploymentPostprocessing = 0;
		};
/* End PBXFrameworksBuildPhase section */

/* Begin PBXGroup section */
		02AA78E4BB83A47D9FD677C0 /* Frameworks */ = {
			isa = PBXGroup;
			children = (
				A52F87BD2A12A83D00CE2E4E /* Pods_Industry.framework */,
				A52F87BB2A12A83900CE2E4E /* FSCalendar.framework */,
				A52F87B92A12A83300CE2E4E /* Charts.framework */,
				A52F87B72A12A82D00CE2E4E /* Algorithms.framework */,
				D744E5C0DB64F0E2CA68335B /* Pods_Industry.framework */,
			);
			name = Frameworks;
			sourceTree = "<group>";
		};
		A059752729AA218A00586F2E /* Models */ = {
			isa = PBXGroup;
			children = (
				A070411029CE298D00BD2839 /* DataControlsAPI */,
				A0F5E68129CD9800008E483A /* Data */,
				A5831B2629BBC91700A3A8F8 /* AuthenticationTableRow.swift */,
				A0AF115A29E06D5700FBA975 /* NotificationCollRow.swift */,
				A52D517629F95E1F005DB97D /* Duration.swift */,
			);
			path = Models;
			sourceTree = "<group>";
		};
		A059752829AA219000586F2E /* Views */ = {
			isa = PBXGroup;
			children = (
				A528206729F3F164002FA269 /* CollView */,
				A0F5E68229CD9816008E483A /* TblCell */,
				A5313FF52A1D295C009C557B /* PresentationController.swift */,
			);
			path = Views;
			sourceTree = "<group>";
		};
		A059752929AA219600586F2E /* ViewControllers */ = {
			isa = PBXGroup;
			children = (
				A0F5E68429CD9858008E483A /* EnterScreens */,
				A0F5E68329CD9843008E483A /* MenuScreens */,
			);
			path = ViewControllers;
			sourceTree = "<group>";
		};
		A070411029CE298D00BD2839 /* DataControlsAPI */ = {
			isa = PBXGroup;
			children = (
				A02EDA4A29CB5D180084BEBA /* ErrorManager.swift */,
				A0CF9F7E29CDF65200FE6A72 /* FinalUrll.swift */,
				A0CF9F8129CDF69800FE6A72 /* ForecastType.swift */,
				A0CF9F8429CDF6C300FE6A72 /* HttpMetods.swift */,
			);
			path = DataControlsAPI;
			sourceTree = "<group>";
		};
		A07D45D829C78A8200420463 /* EthernetConfigurate */ = {
			isa = PBXGroup;
			children = (
				A07D45EB29C78F9000420463 /* APIClient .swift */,
				A0F8A7BC29CC78DB00C81D80 /* APIManager.swift */,
			);
			path = EthernetConfigurate;
			sourceTree = "<group>";
		};
		A0E4AA2129A8E25600BDB4EF = {
			isa = PBXGroup;
			children = (
				A0E4AA2C29A8E25600BDB4EF /* Industry */,
				A52F87952A1125FC00CE2E4E /* IndustryTests */,
				A52F87AB2A12A6DC00CE2E4E /* IndustryUITests */,
				A0E4AA2B29A8E25600BDB4EF /* Products */,
				FECE71701F563C3583B60435 /* Pods */,
				02AA78E4BB83A47D9FD677C0 /* Frameworks */,
			);
			sourceTree = "<group>";
		};
		A0E4AA2B29A8E25600BDB4EF /* Products */ = {
			isa = PBXGroup;
			children = (
				A0E4AA2A29A8E25600BDB4EF /* Industry.app */,
				A52F87942A1125FC00CE2E4E /* IndustryTests.xctest */,
				A52F87AA2A12A6DC00CE2E4E /* IndustryUITests.xctest */,
			);
			name = Products;
			sourceTree = "<group>";
		};
		A0E4AA2C29A8E25600BDB4EF /* Industry */ = {
			isa = PBXGroup;
			children = (
				A07D45D829C78A8200420463 /* EthernetConfigurate */,
				A5E0AF1B29B8F3EB003B47D2 /* Localisation */,
				A059752929AA219600586F2E /* ViewControllers */,
				A059752829AA219000586F2E /* Views */,
				A059752729AA218A00586F2E /* Models */,
				A5833D0F29C0897000387240 /* Supporting Files */,
			);
			path = Industry;
			sourceTree = "<group>";
		};
		A0F5E68129CD9800008E483A /* Data */ = {
			isa = PBXGroup;
			children = (
				A07D45D929C78DEE00420463 /* IssuesModel.swift */,
				A07D45DD29C78DFF00420463 /* ProjectModel.swift */,
				A07D45E029C78E0F00420463 /* LaborCostModel.swift */,
				A07D45E329C78E1C00420463 /* EmployeeModel.swift */,
				A07D45E729C78E3200420463 /* DivisionModel.swift */,
				A070410929CE014F00BD2839 /* JSONDecoables.swift */,
			);
			path = Data;
			sourceTree = "<group>";
		};
		A0F5E68229CD9816008E483A /* TblCell */ = {
			isa = PBXGroup;
			children = (
				A52973822A1CD79900B4189F /* NewTask */,
				A52973792A1BA2C500B4189F /* Profile */,
				A5833D1D29C08D4400387240 /* AuthenticationTblViewCell.swift */,
				A5AC15112A0FDE2A008FB74C /* ListCaledarTblViewCell.swift */,
			);
			path = TblCell;
			sourceTree = "<group>";
		};
		A0F5E68329CD9843008E483A /* MenuScreens */ = {
			isa = PBXGroup;
			children = (
				A578852E29F6B9CA00D26455 /* ProfileUserScreens */,
				A5916AB129BC9D8900285D79 /* TabBarController.swift */,
				A5833D2029C0990200387240 /* ProfileUserViewController.swift */,
				A0569DE729DE85C500D25991 /* CalendarTaskViewController.swift */,
				A578852829F6B82E00D26455 /* DocumentFlowViewController.swift */,
				A529736E2A1AE0E600B4189F /* NewTaskViewController.swift */,
			);
			path = MenuScreens;
			sourceTree = "<group>";
		};
		A0F5E68429CD9858008E483A /* EnterScreens */ = {
			isa = PBXGroup;
			children = (
				A0E4AA3129A8E25600BDB4EF /* SplachViewController.swift */,
				A0E4AA4729A8E46F00BDB4EF /* EnterMenuViewController.swift */,
				A528206529F3EF19002FA269 /* RecovoryPasswordViewController.swift */,
			);
			path = EnterScreens;
			sourceTree = "<group>";
		};
		A528206729F3F164002FA269 /* CollView */ = {
			isa = PBXGroup;
			children = (
				A585FF1B29BA1A3600A0F0AF /* NotificationUserViewCell.swift */,
				A528206829F3F244002FA269 /* RecovoryPasswordCollViewCell.swift */,
			);
			path = CollView;
			sourceTree = "<group>";
		};
		A52973792A1BA2C500B4189F /* Profile */ = {
			isa = PBXGroup;
			children = (
				A578852229F6887700D26455 /* MenuItemTblViewCell.swift */,
				A5AC14FC2A07C540008FB74C /* SetingUserTblViewCell.swift */,
				A578851A29F67E0D00D26455 /* HeadMenuTblViewCell.swift */,
				A07D45D129C763CD00420463 /* UserCountTaskTblViewCell.swift */,
			);
			path = Profile;
			sourceTree = "<group>";
		};
		A52973822A1CD79900B4189F /* NewTask */ = {
			isa = PBXGroup;
			children = (
				A529737D2A1BA33B00B4189F /* NameTaskTblViewCell.swift */,
				A52973832A1CD87F00B4189F /* AddInfoTaskTblViewCell.swift */,
			);
			path = NewTask;
			sourceTree = "<group>";
		};
		A52F87952A1125FC00CE2E4E /* IndustryTests */ = {
			isa = PBXGroup;
			children = (
				A52F87E42A12B08800CE2E4E /* View.swift */,
				A52F87A02A11264200CE2E4E /* JSONModelTests.swift */,
				A52F87962A1125FC00CE2E4E /* IndustryTests.swift */,
				A52F87982A1125FC00CE2E4E /* Info.plist */,
			);
			path = IndustryTests;
			sourceTree = "<group>";
		};
		A52F87AB2A12A6DC00CE2E4E /* IndustryUITests */ = {
			isa = PBXGroup;
			children = (
				A52F87AC2A12A6DC00CE2E4E /* IndustryUITests.swift */,
				A52F87AE2A12A6DC00CE2E4E /* Info.plist */,
			);
			path = IndustryUITests;
			sourceTree = "<group>";
		};
		A578852E29F6B9CA00D26455 /* ProfileUserScreens */ = {
			isa = PBXGroup;
			children = (
				A585FF1829BA178C00A0F0AF /* NotificationListViewController.swift */,
				A578852529F6B7DE00D26455 /* StatisticUserViewController.swift */,
				A578852B29F6B9C400D26455 /* SettingUserViewController.swift */,
				A5AC15082A0BB50A008FB74C /* PrivacyPolicyViewController.swift */,
			);
			path = ProfileUserScreens;
			sourceTree = "<group>";
		};
		A5833D0F29C0897000387240 /* Supporting Files */ = {
			isa = PBXGroup;
			children = (
				A0E4AA2D29A8E25600BDB4EF /* AppDelegate.swift */,
				A0E4AA3629A8E25700BDB4EF /* Assets.xcassets */,
				A0E4AA3B29A8E25700BDB4EF /* Info.plist */,
			);
			path = "Supporting Files";
			sourceTree = "<group>";
		};
		A5E0AF1B29B8F3EB003B47D2 /* Localisation */ = {
			isa = PBXGroup;
			children = (
				A5E0AF2729B8F63B003B47D2 /* Languages */,
				A5E0AF1C29B8F41E003B47D2 /* LocalizeController.swift */,
			);
			path = Localisation;
			sourceTree = "<group>";
		};
		A5E0AF2729B8F63B003B47D2 /* Languages */ = {
			isa = PBXGroup;
			children = (
				A5E0AF5029B8FEE6003B47D2 /* Localizable.strings */,
			);
			path = Languages;
			sourceTree = "<group>";
		};
		FECE71701F563C3583B60435 /* Pods */ = {
			isa = PBXGroup;
			children = (
				6796CD28BA100E9D4938C138 /* Pods-Industry.debug.xcconfig */,
				2F6553E98AFD03F8A774538D /* Pods-Industry.release.xcconfig */,
			);
			path = Pods;
			sourceTree = "<group>";
		};
/* End PBXGroup section */

/* Begin PBXNativeTarget section */
		A0E4AA2929A8E25600BDB4EF /* Industry */ = {
			isa = PBXNativeTarget;
			buildConfigurationList = A0E4AA3E29A8E25700BDB4EF /* Build configuration list for PBXNativeTarget "Industry" */;
			buildPhases = (
				CF6110C83E206F1C4AA1694D /* [CP] Check Pods Manifest.lock */,
				A0E4AA2629A8E25600BDB4EF /* Sources */,
				A0E4AA2729A8E25600BDB4EF /* Frameworks */,
				A0E4AA2829A8E25600BDB4EF /* Resources */,
				D5403E46EAECB109089008CB /* [CP] Embed Pods Frameworks */,
			);
			buildRules = (
			);
			dependencies = (
			);
			name = Industry;
			productName = Industry;
			productReference = A0E4AA2A29A8E25600BDB4EF /* Industry.app */;
			productType = "com.apple.product-type.application";
		};
		A52F87932A1125FC00CE2E4E /* IndustryTests */ = {
			isa = PBXNativeTarget;
			buildConfigurationList = A52F879D2A1125FC00CE2E4E /* Build configuration list for PBXNativeTarget "IndustryTests" */;
			buildPhases = (
				A52F87902A1125FC00CE2E4E /* Sources */,
				A52F87912A1125FC00CE2E4E /* Frameworks */,
				A52F87922A1125FC00CE2E4E /* Resources */,
			);
			buildRules = (
			);
			dependencies = (
				A52F879A2A1125FC00CE2E4E /* PBXTargetDependency */,
			);
			name = IndustryTests;
			productName = IndustryTests;
			productReference = A52F87942A1125FC00CE2E4E /* IndustryTests.xctest */;
			productType = "com.apple.product-type.bundle.unit-test";
		};
		A52F87A92A12A6DC00CE2E4E /* IndustryUITests */ = {
			isa = PBXNativeTarget;
			buildConfigurationList = A52F87B12A12A6DC00CE2E4E /* Build configuration list for PBXNativeTarget "IndustryUITests" */;
			buildPhases = (
				A52F87A62A12A6DC00CE2E4E /* Sources */,
				A52F87A72A12A6DC00CE2E4E /* Frameworks */,
				A52F87A82A12A6DC00CE2E4E /* Resources */,
			);
			buildRules = (
			);
			dependencies = (
				A52F87B02A12A6DC00CE2E4E /* PBXTargetDependency */,
			);
			name = IndustryUITests;
			productName = IndustryUITests;
			productReference = A52F87AA2A12A6DC00CE2E4E /* IndustryUITests.xctest */;
			productType = "com.apple.product-type.bundle.ui-testing";
		};
/* End PBXNativeTarget section */

/* Begin PBXProject section */
		A0E4AA2229A8E25600BDB4EF /* Project object */ = {
			isa = PBXProject;
			attributes = {
				LastSwiftUpdateCheck = 1240;
				LastUpgradeCheck = 1240;
				TargetAttributes = {
					A0E4AA2929A8E25600BDB4EF = {
						CreatedOnToolsVersion = 12.4;
					};
					A52F87932A1125FC00CE2E4E = {
						CreatedOnToolsVersion = 12.4;
						TestTargetID = A0E4AA2929A8E25600BDB4EF;
					};
					A52F87A92A12A6DC00CE2E4E = {
						CreatedOnToolsVersion = 12.4;
						TestTargetID = A0E4AA2929A8E25600BDB4EF;
					};
				};
			};
			buildConfigurationList = A0E4AA2529A8E25600BDB4EF /* Build configuration list for PBXProject "Industry" */;
			compatibilityVersion = "Xcode 9.3";
			developmentRegion = en;
			hasScannedForEncodings = 0;
			knownRegions = (
				en,
				ru,
			);
			mainGroup = A0E4AA2129A8E25600BDB4EF;
			productRefGroup = A0E4AA2B29A8E25600BDB4EF /* Products */;
			projectDirPath = "";
			projectRoot = "";
			targets = (
				A0E4AA2929A8E25600BDB4EF /* Industry */,
				A52F87932A1125FC00CE2E4E /* IndustryTests */,
				A52F87A92A12A6DC00CE2E4E /* IndustryUITests */,
			);
		};
/* End PBXProject section */

/* Begin PBXResourcesBuildPhase section */
		A0E4AA2829A8E25600BDB4EF /* Resources */ = {
			isa = PBXResourcesBuildPhase;
			buildActionMask = 2147483647;
			files = (
				A0E4AA3729A8E25700BDB4EF /* Assets.xcassets in Resources */,
				A5E0AF4E29B8FEE6003B47D2 /* Localizable.strings in Resources */,
			);
			runOnlyForDeploymentPostprocessing = 0;
		};
		A52F87922A1125FC00CE2E4E /* Resources */ = {
			isa = PBXResourcesBuildPhase;
			buildActionMask = 2147483647;
			files = (
			);
			runOnlyForDeploymentPostprocessing = 0;
		};
		A52F87A82A12A6DC00CE2E4E /* Resources */ = {
			isa = PBXResourcesBuildPhase;
			buildActionMask = 2147483647;
			files = (
			);
			runOnlyForDeploymentPostprocessing = 0;
		};
/* End PBXResourcesBuildPhase section */

/* Begin PBXShellScriptBuildPhase section */
		CF6110C83E206F1C4AA1694D /* [CP] Check Pods Manifest.lock */ = {
			isa = PBXShellScriptBuildPhase;
			buildActionMask = 2147483647;
			files = (
			);
			inputFileListPaths = (
			);
			inputPaths = (
				"${PODS_PODFILE_DIR_PATH}/Podfile.lock",
				"${PODS_ROOT}/Manifest.lock",
			);
			name = "[CP] Check Pods Manifest.lock";
			outputFileListPaths = (
			);
			outputPaths = (
				"$(DERIVED_FILE_DIR)/Pods-Industry-checkManifestLockResult.txt",
			);
			runOnlyForDeploymentPostprocessing = 0;
			shellPath = /bin/sh;
			shellScript = "diff \"${PODS_PODFILE_DIR_PATH}/Podfile.lock\" \"${PODS_ROOT}/Manifest.lock\" > /dev/null\nif [ $? != 0 ] ; then\n    # print error to STDERR\n    echo \"error: The sandbox is not in sync with the Podfile.lock. Run 'pod install' or update your CocoaPods installation.\" >&2\n    exit 1\nfi\n# This output is used by Xcode 'outputs' to avoid re-running this script phase.\necho \"SUCCESS\" > \"${SCRIPT_OUTPUT_FILE_0}\"\n";
			showEnvVarsInLog = 0;
		};
		D5403E46EAECB109089008CB /* [CP] Embed Pods Frameworks */ = {
			isa = PBXShellScriptBuildPhase;
			buildActionMask = 2147483647;
			files = (
			);
			inputFileListPaths = (
				"${PODS_ROOT}/Target Support Files/Pods-Industry/Pods-Industry-frameworks-${CONFIGURATION}-input-files.xcfilelist",
			);
			name = "[CP] Embed Pods Frameworks";
			outputFileListPaths = (
				"${PODS_ROOT}/Target Support Files/Pods-Industry/Pods-Industry-frameworks-${CONFIGURATION}-output-files.xcfilelist",
			);
			runOnlyForDeploymentPostprocessing = 0;
			shellPath = /bin/sh;
			shellScript = "\"${PODS_ROOT}/Target Support Files/Pods-Industry/Pods-Industry-frameworks.sh\"\n";
			showEnvVarsInLog = 0;
		};
/* End PBXShellScriptBuildPhase section */

/* Begin PBXSourcesBuildPhase section */
		A0E4AA2629A8E25600BDB4EF /* Sources */ = {
			isa = PBXSourcesBuildPhase;
			buildActionMask = 2147483647;
			files = (
				A0AF115B29E06D5700FBA975 /* NotificationCollRow.swift in Sources */,
				A0E4AA4829A8E46F00BDB4EF /* EnterMenuViewController.swift in Sources */,
				A578852929F6B82E00D26455 /* DocumentFlowViewController.swift in Sources */,
				A529737E2A1BA33B00B4189F /* NameTaskTblViewCell.swift in Sources */,
				A578852C29F6B9C400D26455 /* SettingUserViewController.swift in Sources */,
				A5833D1E29C08D4400387240 /* AuthenticationTblViewCell.swift in Sources */,
				A0E4AA3229A8E25600BDB4EF /* SplachViewController.swift in Sources */,
				A0E4AA2E29A8E25600BDB4EF /* AppDelegate.swift in Sources */,
				A529736F2A1AE0EC00B4189F /* NewTaskViewController.swift in Sources */,
				A578852329F6887700D26455 /* MenuItemTblViewCell.swift in Sources */,
				A07D45EC29C78F9000420463 /* APIClient .swift in Sources */,
				A5833D2129C0990200387240 /* ProfileUserViewController.swift in Sources */,
				A528206629F3EF19002FA269 /* RecovoryPasswordViewController.swift in Sources */,
				A0F8A7BD29CC78DB00C81D80 /* APIManager.swift in Sources */,
				A52D517729F95E20005DB97D /* Duration.swift in Sources */,
				A578851B29F67E0D00D26455 /* HeadMenuTblViewCell.swift in Sources */,
				A5AC15092A0BB50A008FB74C /* PrivacyPolicyViewController.swift in Sources */,
				A07D45DE29C78DFF00420463 /* ProjectModel.swift in Sources */,
				A528206929F3F244002FA269 /* RecovoryPasswordCollViewCell.swift in Sources */,
				A5E0AF1D29B8F41E003B47D2 /* LocalizeController.swift in Sources */,
				A070410A29CE014F00BD2839 /* JSONDecoables.swift in Sources */,
				A578852629F6B7DE00D26455 /* StatisticUserViewController.swift in Sources */,
				A52973842A1CD87F00B4189F /* AddInfoTaskTblViewCell.swift in Sources */,
				A0569DE829DE85C500D25991 /* CalendarTaskViewController.swift in Sources */,
				A5916AB229BC9D8900285D79 /* TabBarController.swift in Sources */,
				A5AC14FD2A07C540008FB74C /* SetingUserTblViewCell.swift in Sources */,
				A07D45D229C763CD00420463 /* UserCountTaskTblViewCell.swift in Sources */,
				A07D45E429C78E1C00420463 /* EmployeeModel.swift in Sources */,
				A0CF9F8229CDF69800FE6A72 /* ForecastType.swift in Sources */,
				A07D45E129C78E0F00420463 /* LaborCostModel.swift in Sources */,
				A07D45E829C78E3200420463 /* DivisionModel.swift in Sources */,
				A5AC15122A0FDE2B008FB74C /* ListCaledarTblViewCell.swift in Sources */,
				A0CF9F7F29CDF65200FE6A72 /* FinalUrll.swift in Sources */,
				A02EDA4B29CB5D180084BEBA /* ErrorManager.swift in Sources */,
				A585FF1929BA178C00A0F0AF /* NotificationListViewController.swift in Sources */,
				A585FF1C29BA1A3600A0F0AF /* NotificationUserViewCell.swift in Sources */,
				A07D45DA29C78DEE00420463 /* IssuesModel.swift in Sources */,
				A5831B2729BBC91700A3A8F8 /* AuthenticationTableRow.swift in Sources */,
				A0CF9F8529CDF6C300FE6A72 /* HttpMetods.swift in Sources */,
				A5313FF62A1D295C009C557B /* PresentationController.swift in Sources */,
			);
			runOnlyForDeploymentPostprocessing = 0;
		};
		A52F87902A1125FC00CE2E4E /* Sources */ = {
			isa = PBXSourcesBuildPhase;
			buildActionMask = 2147483647;
			files = (
				A52F87A12A11264200CE2E4E /* JSONModelTests.swift in Sources */,
				A52F87972A1125FC00CE2E4E /* IndustryTests.swift in Sources */,
			);
			runOnlyForDeploymentPostprocessing = 0;
		};
		A52F87A62A12A6DC00CE2E4E /* Sources */ = {
			isa = PBXSourcesBuildPhase;
			buildActionMask = 2147483647;
			files = (
				A52F87AD2A12A6DC00CE2E4E /* IndustryUITests.swift in Sources */,
			);
			runOnlyForDeploymentPostprocessing = 0;
		};
/* End PBXSourcesBuildPhase section */

/* Begin PBXTargetDependency section */
		A52F879A2A1125FC00CE2E4E /* PBXTargetDependency */ = {
			isa = PBXTargetDependency;
			target = A0E4AA2929A8E25600BDB4EF /* Industry */;
			targetProxy = A52F87992A1125FC00CE2E4E /* PBXContainerItemProxy */;
		};
		A52F87B02A12A6DC00CE2E4E /* PBXTargetDependency */ = {
			isa = PBXTargetDependency;
			target = A0E4AA2929A8E25600BDB4EF /* Industry */;
			targetProxy = A52F87AF2A12A6DC00CE2E4E /* PBXContainerItemProxy */;
		};
/* End PBXTargetDependency section */

/* Begin PBXVariantGroup section */
		A5E0AF5029B8FEE6003B47D2 /* Localizable.strings */ = {
			isa = PBXVariantGroup;
			children = (
				A5E0AF4F29B8FEE6003B47D2 /* en */,
				A0569E0129DEC6F500D25991 /* ru */,
			);
			name = Localizable.strings;
			sourceTree = "<group>";
		};
/* End PBXVariantGroup section */

/* Begin XCBuildConfiguration section */
		A0E4AA3C29A8E25700BDB4EF /* Debug */ = {
			isa = XCBuildConfiguration;
			buildSettings = {
				ALWAYS_SEARCH_USER_PATHS = NO;
				CLANG_ANALYZER_LOCALIZABILITY_NONLOCALIZED = YES;
				CLANG_ANALYZER_NONNULL = YES;
				CLANG_ANALYZER_NUMBER_OBJECT_CONVERSION = YES_AGGRESSIVE;
				CLANG_CXX_LANGUAGE_STANDARD = "gnu++14";
				CLANG_CXX_LIBRARY = "libc++";
				CLANG_ENABLE_MODULES = YES;
				CLANG_ENABLE_OBJC_ARC = YES;
				CLANG_ENABLE_OBJC_WEAK = YES;
				CLANG_WARN_BLOCK_CAPTURE_AUTORELEASING = YES;
				CLANG_WARN_BOOL_CONVERSION = YES;
				CLANG_WARN_COMMA = YES;
				CLANG_WARN_CONSTANT_CONVERSION = YES;
				CLANG_WARN_DEPRECATED_OBJC_IMPLEMENTATIONS = YES;
				CLANG_WARN_DIRECT_OBJC_ISA_USAGE = YES_ERROR;
				CLANG_WARN_DOCUMENTATION_COMMENTS = YES;
				CLANG_WARN_EMPTY_BODY = YES;
				CLANG_WARN_ENUM_CONVERSION = YES;
				CLANG_WARN_INFINITE_RECURSION = YES;
				CLANG_WARN_INT_CONVERSION = YES;
				CLANG_WARN_NON_LITERAL_NULL_CONVERSION = YES;
				CLANG_WARN_OBJC_IMPLICIT_RETAIN_SELF = YES;
				CLANG_WARN_OBJC_LITERAL_CONVERSION = YES;
				CLANG_WARN_OBJC_ROOT_CLASS = YES_ERROR;
				CLANG_WARN_QUOTED_INCLUDE_IN_FRAMEWORK_HEADER = YES;
				CLANG_WARN_RANGE_LOOP_ANALYSIS = YES;
				CLANG_WARN_STRICT_PROTOTYPES = YES;
				CLANG_WARN_SUSPICIOUS_MOVE = YES;
				CLANG_WARN_UNGUARDED_AVAILABILITY = YES_AGGRESSIVE;
				CLANG_WARN_UNREACHABLE_CODE = YES;
				CLANG_WARN__DUPLICATE_METHOD_MATCH = YES;
				COPY_PHASE_STRIP = NO;
				DEBUG_INFORMATION_FORMAT = dwarf;
				ENABLE_STRICT_OBJC_MSGSEND = YES;
				ENABLE_TESTABILITY = YES;
				GCC_C_LANGUAGE_STANDARD = gnu11;
				GCC_DYNAMIC_NO_PIC = NO;
				GCC_NO_COMMON_BLOCKS = YES;
				GCC_OPTIMIZATION_LEVEL = 0;
				GCC_PREPROCESSOR_DEFINITIONS = (
					"DEBUG=1",
					"$(inherited)",
				);
				GCC_WARN_64_TO_32_BIT_CONVERSION = YES;
				GCC_WARN_ABOUT_RETURN_TYPE = YES_ERROR;
				GCC_WARN_UNDECLARED_SELECTOR = YES;
				GCC_WARN_UNINITIALIZED_AUTOS = YES_AGGRESSIVE;
				GCC_WARN_UNUSED_FUNCTION = YES;
				GCC_WARN_UNUSED_VARIABLE = YES;
				IPHONEOS_DEPLOYMENT_TARGET = 12.4;
				MTL_ENABLE_DEBUG_INFO = INCLUDE_SOURCE;
				MTL_FAST_MATH = YES;
				ONLY_ACTIVE_ARCH = YES;
				SDKROOT = iphoneos;
				SWIFT_ACTIVE_COMPILATION_CONDITIONS = DEBUG;
				SWIFT_OPTIMIZATION_LEVEL = "-Onone";
				SWIFT_VERSION = 5.0;
			};
			name = Debug;
		};
		A0E4AA3D29A8E25700BDB4EF /* Release */ = {
			isa = XCBuildConfiguration;
			buildSettings = {
				ALWAYS_SEARCH_USER_PATHS = NO;
				CLANG_ANALYZER_LOCALIZABILITY_NONLOCALIZED = YES;
				CLANG_ANALYZER_NONNULL = YES;
				CLANG_ANALYZER_NUMBER_OBJECT_CONVERSION = YES_AGGRESSIVE;
				CLANG_CXX_LANGUAGE_STANDARD = "gnu++14";
				CLANG_CXX_LIBRARY = "libc++";
				CLANG_ENABLE_MODULES = YES;
				CLANG_ENABLE_OBJC_ARC = YES;
				CLANG_ENABLE_OBJC_WEAK = YES;
				CLANG_WARN_BLOCK_CAPTURE_AUTORELEASING = YES;
				CLANG_WARN_BOOL_CONVERSION = YES;
				CLANG_WARN_COMMA = YES;
				CLANG_WARN_CONSTANT_CONVERSION = YES;
				CLANG_WARN_DEPRECATED_OBJC_IMPLEMENTATIONS = YES;
				CLANG_WARN_DIRECT_OBJC_ISA_USAGE = YES_ERROR;
				CLANG_WARN_DOCUMENTATION_COMMENTS = YES;
				CLANG_WARN_EMPTY_BODY = YES;
				CLANG_WARN_ENUM_CONVERSION = YES;
				CLANG_WARN_INFINITE_RECURSION = YES;
				CLANG_WARN_INT_CONVERSION = YES;
				CLANG_WARN_NON_LITERAL_NULL_CONVERSION = YES;
				CLANG_WARN_OBJC_IMPLICIT_RETAIN_SELF = YES;
				CLANG_WARN_OBJC_LITERAL_CONVERSION = YES;
				CLANG_WARN_OBJC_ROOT_CLASS = YES_ERROR;
				CLANG_WARN_QUOTED_INCLUDE_IN_FRAMEWORK_HEADER = YES;
				CLANG_WARN_RANGE_LOOP_ANALYSIS = YES;
				CLANG_WARN_STRICT_PROTOTYPES = YES;
				CLANG_WARN_SUSPICIOUS_MOVE = YES;
				CLANG_WARN_UNGUARDED_AVAILABILITY = YES_AGGRESSIVE;
				CLANG_WARN_UNREACHABLE_CODE = YES;
				CLANG_WARN__DUPLICATE_METHOD_MATCH = YES;
				COPY_PHASE_STRIP = NO;
				DEBUG_INFORMATION_FORMAT = "dwarf-with-dsym";
				ENABLE_NS_ASSERTIONS = NO;
				ENABLE_STRICT_OBJC_MSGSEND = YES;
				GCC_C_LANGUAGE_STANDARD = gnu11;
				GCC_NO_COMMON_BLOCKS = YES;
				GCC_WARN_64_TO_32_BIT_CONVERSION = YES;
				GCC_WARN_ABOUT_RETURN_TYPE = YES_ERROR;
				GCC_WARN_UNDECLARED_SELECTOR = YES;
				GCC_WARN_UNINITIALIZED_AUTOS = YES_AGGRESSIVE;
				GCC_WARN_UNUSED_FUNCTION = YES;
				GCC_WARN_UNUSED_VARIABLE = YES;
				IPHONEOS_DEPLOYMENT_TARGET = 12.4;
				MTL_ENABLE_DEBUG_INFO = NO;
				MTL_FAST_MATH = YES;
				SDKROOT = iphoneos;
				SWIFT_COMPILATION_MODE = wholemodule;
				SWIFT_OPTIMIZATION_LEVEL = "-O";
				SWIFT_VERSION = 5.0;
				VALIDATE_PRODUCT = YES;
			};
			name = Release;
		};
		A0E4AA3F29A8E25700BDB4EF /* Debug */ = {
			isa = XCBuildConfiguration;
			baseConfigurationReference = 6796CD28BA100E9D4938C138 /* Pods-Industry.debug.xcconfig */;
			buildSettings = {
				ASSETCATALOG_COMPILER_APPICON_NAME = AppIcon;
				ASSETCATALOG_COMPILER_GLOBAL_ACCENT_COLOR_NAME = AccentColor;
				CODE_SIGN_STYLE = Automatic;
				DEVELOPMENT_TEAM = B2BN3T2SCB;
				INFOPLIST_FILE = "Industry/Supporting Files/Info.plist";
				IPHONEOS_DEPLOYMENT_TARGET = 12.4;
				LD_RUNPATH_SEARCH_PATHS = (
					"$(inherited)",
					"@executable_path/Frameworks",
				);
				PRODUCT_BUNDLE_IDENTIFIER = Industry;
				PRODUCT_NAME = "$(TARGET_NAME)";
				SWIFT_VERSION = 5.0;
				TARGETED_DEVICE_FAMILY = 1;
			};
			name = Debug;
		};
		A0E4AA4029A8E25700BDB4EF /* Release */ = {
			isa = XCBuildConfiguration;
			baseConfigurationReference = 2F6553E98AFD03F8A774538D /* Pods-Industry.release.xcconfig */;
			buildSettings = {
				ASSETCATALOG_COMPILER_APPICON_NAME = AppIcon;
				ASSETCATALOG_COMPILER_GLOBAL_ACCENT_COLOR_NAME = AccentColor;
				CODE_SIGN_STYLE = Automatic;
				DEVELOPMENT_TEAM = B2BN3T2SCB;
				INFOPLIST_FILE = "Industry/Supporting Files/Info.plist";
				IPHONEOS_DEPLOYMENT_TARGET = 12.4;
				LD_RUNPATH_SEARCH_PATHS = (
					"$(inherited)",
					"@executable_path/Frameworks",
				);
				PRODUCT_BUNDLE_IDENTIFIER = Industry;
				PRODUCT_NAME = "$(TARGET_NAME)";
				SWIFT_VERSION = 5.0;
				TARGETED_DEVICE_FAMILY = 1;
			};
			name = Release;
		};
		A52F879B2A1125FC00CE2E4E /* Debug */ = {
			isa = XCBuildConfiguration;
			buildSettings = {
				BUNDLE_LOADER = "$(TEST_HOST)";
				CODE_SIGN_STYLE = Automatic;
				DEVELOPMENT_TEAM = B2BN3T2SCB;
				INFOPLIST_FILE = IndustryTests/Info.plist;
				IPHONEOS_DEPLOYMENT_TARGET = 13.0;
				LD_RUNPATH_SEARCH_PATHS = (
					"$(inherited)",
					"@executable_path/Frameworks",
					"@loader_path/Frameworks",
				);
				PRODUCT_BUNDLE_IDENTIFIER = sdf.IndustryTests;
				PRODUCT_NAME = "$(TARGET_NAME)";
				SWIFT_VERSION = 5.0;
				TARGETED_DEVICE_FAMILY = "1,2";
				TEST_HOST = "$(BUILT_PRODUCTS_DIR)/Industry.app/Industry";
			};
			name = Debug;
		};
		A52F879C2A1125FC00CE2E4E /* Release */ = {
			isa = XCBuildConfiguration;
			buildSettings = {
				BUNDLE_LOADER = "$(TEST_HOST)";
				CODE_SIGN_STYLE = Automatic;
				DEVELOPMENT_TEAM = B2BN3T2SCB;
				INFOPLIST_FILE = IndustryTests/Info.plist;
				IPHONEOS_DEPLOYMENT_TARGET = 13.0;
				LD_RUNPATH_SEARCH_PATHS = (
					"$(inherited)",
					"@executable_path/Frameworks",
					"@loader_path/Frameworks",
				);
				PRODUCT_BUNDLE_IDENTIFIER = sdf.IndustryTests;
				PRODUCT_NAME = "$(TARGET_NAME)";
				SWIFT_VERSION = 5.0;
				TARGETED_DEVICE_FAMILY = "1,2";
				TEST_HOST = "$(BUILT_PRODUCTS_DIR)/Industry.app/Industry";
			};
			name = Release;
		};
		A52F87B22A12A6DC00CE2E4E /* Debug */ = {
			isa = XCBuildConfiguration;
			buildSettings = {
				CODE_SIGN_STYLE = Automatic;
				DEVELOPMENT_TEAM = B2BN3T2SCB;
				INFOPLIST_FILE = IndustryUITests/Info.plist;
				IPHONEOS_DEPLOYMENT_TARGET = 13.0;
				LD_RUNPATH_SEARCH_PATHS = (
					"$(inherited)",
					"@executable_path/Frameworks",
					"@loader_path/Frameworks",
				);
				PRODUCT_BUNDLE_IDENTIFIER = sdf.IndustryUITests;
				PRODUCT_NAME = "$(TARGET_NAME)";
				SWIFT_VERSION = 5.0;
				TARGETED_DEVICE_FAMILY = "1,2";
				TEST_TARGET_NAME = Industry;
			};
			name = Debug;
		};
		A52F87B32A12A6DC00CE2E4E /* Release */ = {
			isa = XCBuildConfiguration;
			buildSettings = {
				CODE_SIGN_STYLE = Automatic;
				DEVELOPMENT_TEAM = B2BN3T2SCB;
				INFOPLIST_FILE = IndustryUITests/Info.plist;
				IPHONEOS_DEPLOYMENT_TARGET = 13.0;
				LD_RUNPATH_SEARCH_PATHS = (
					"$(inherited)",
					"@executable_path/Frameworks",
					"@loader_path/Frameworks",
				);
				PRODUCT_BUNDLE_IDENTIFIER = sdf.IndustryUITests;
				PRODUCT_NAME = "$(TARGET_NAME)";
				SWIFT_VERSION = 5.0;
				TARGETED_DEVICE_FAMILY = "1,2";
				TEST_TARGET_NAME = Industry;
			};
			name = Release;
		};
/* End XCBuildConfiguration section */

/* Begin XCConfigurationList section */
		A0E4AA2529A8E25600BDB4EF /* Build configuration list for PBXProject "Industry" */ = {
			isa = XCConfigurationList;
			buildConfigurations = (
				A0E4AA3C29A8E25700BDB4EF /* Debug */,
				A0E4AA3D29A8E25700BDB4EF /* Release */,
			);
			defaultConfigurationIsVisible = 0;
			defaultConfigurationName = Release;
		};
		A0E4AA3E29A8E25700BDB4EF /* Build configuration list for PBXNativeTarget "Industry" */ = {
			isa = XCConfigurationList;
			buildConfigurations = (
				A0E4AA3F29A8E25700BDB4EF /* Debug */,
				A0E4AA4029A8E25700BDB4EF /* Release */,
			);
			defaultConfigurationIsVisible = 0;
			defaultConfigurationName = Release;
		};
		A52F879D2A1125FC00CE2E4E /* Build configuration list for PBXNativeTarget "IndustryTests" */ = {
			isa = XCConfigurationList;
			buildConfigurations = (
				A52F879B2A1125FC00CE2E4E /* Debug */,
				A52F879C2A1125FC00CE2E4E /* Release */,
			);
			defaultConfigurationIsVisible = 0;
			defaultConfigurationName = Release;
		};
		A52F87B12A12A6DC00CE2E4E /* Build configuration list for PBXNativeTarget "IndustryUITests" */ = {
			isa = XCConfigurationList;
			buildConfigurations = (
				A52F87B22A12A6DC00CE2E4E /* Debug */,
				A52F87B32A12A6DC00CE2E4E /* Release */,
			);
			defaultConfigurationIsVisible = 0;
			defaultConfigurationName = Release;
		};
/* End XCConfigurationList section */
	};
	rootObject = A0E4AA2229A8E25600BDB4EF /* Project object */;
}
